PODS:
  - Alamofire (4.9.0)
  - AlamofireObjectMapper (5.2.1):
    - Alamofire (~> 4.7)
    - ObjectMapper (~> 3.4)
  - Cosmos (19.0.3)
  - DropDown (2.3.4)
  - DynamicBlurView (3.0.1)
  - Firebase/Analytics (6.8.1):
    - Firebase/Core
  - Firebase/Auth (6.8.1):
    - Firebase/CoreOnly
    - FirebaseAuth (~> 6.2.3)
  - Firebase/Core (6.8.1):
    - Firebase/CoreOnly
    - FirebaseAnalytics (= 6.1.1)
  - Firebase/CoreOnly (6.8.1):
    - FirebaseCore (= 6.2.3)
  - Firebase/Messaging (6.8.1):
    - Firebase/CoreOnly
    - FirebaseMessaging (~> 4.1.4)
  - FirebaseAnalytics (6.1.1):
    - FirebaseCore (~> 6.2)
    - FirebaseInstanceID (~> 4.2)
    - GoogleAppMeasurement (= 6.1.1)
    - GoogleUtilities/AppDelegateSwizzler (~> 6.0)
    - GoogleUtilities/MethodSwizzler (~> 6.0)
    - GoogleUtilities/Network (~> 6.0)
    - "GoogleUtilities/NSData+zlib (~> 6.0)"
    - nanopb (~> 0.3)
  - FirebaseAnalyticsInterop (1.4.0)
  - FirebaseAuth (6.2.3):
    - FirebaseAuthInterop (~> 1.0)
    - FirebaseCore (~> 6.2)
    - GoogleUtilities/AppDelegateSwizzler (~> 6.2)
    - GoogleUtilities/Environment (~> 6.2)
    - GTMSessionFetcher/Core (~> 1.1)
  - FirebaseAuthInterop (1.0.0)
  - FirebaseCore (6.2.3):
    - FirebaseCoreDiagnostics (~> 1.0)
    - FirebaseCoreDiagnosticsInterop (~> 1.0)
    - GoogleUtilities/Environment (~> 6.2)
    - GoogleUtilities/Logger (~> 6.2)
  - FirebaseCoreDiagnostics (1.0.1):
    - FirebaseCoreDiagnosticsInterop (~> 1.0)
    - GoogleDataTransportCCTSupport (~> 1.0)
    - GoogleUtilities/Environment (~> 6.2)
    - GoogleUtilities/Logger (~> 6.2)
  - FirebaseCoreDiagnosticsInterop (1.0.0)
  - FirebaseInstanceID (4.2.5):
    - FirebaseCore (~> 6.0)
    - GoogleUtilities/Environment (~> 6.0)
    - GoogleUtilities/UserDefaults (~> 6.0)
  - FirebaseMessaging (4.1.4):
    - FirebaseAnalyticsInterop (~> 1.3)
    - FirebaseCore (~> 6.2)
    - FirebaseInstanceID (~> 4.1)
    - GoogleUtilities/AppDelegateSwizzler (~> 6.2)
    - GoogleUtilities/Environment (~> 6.2)
    - GoogleUtilities/Reachability (~> 6.2)
    - GoogleUtilities/UserDefaults (~> 6.2)
    - Protobuf (~> 3.1)
  - GoogleAppMeasurement (6.1.1):
    - GoogleUtilities/AppDelegateSwizzler (~> 6.0)
    - GoogleUtilities/MethodSwizzler (~> 6.0)
    - GoogleUtilities/Network (~> 6.0)
    - "GoogleUtilities/NSData+zlib (~> 6.0)"
    - nanopb (~> 0.3)
  - GoogleDataTransport (1.2.0)
  - GoogleDataTransportCCTSupport (1.0.4):
    - GoogleDataTransport (~> 1.2)
    - nanopb
  - GoogleMaps (3.1.0):
    - GoogleMaps/Maps (= 3.1.0)
  - GoogleMaps/Base (3.1.0)
  - GoogleMaps/Maps (3.1.0):
    - GoogleMaps/Base
  - GooglePlacePicker (3.1.0):
    - GoogleMaps (= 3.1.0)
    - GooglePlaces (= 3.1.0)
  - GooglePlaces (3.1.0):
    - GoogleMaps/Base (= 3.1.0)
  - GoogleUtilities/AppDelegateSwizzler (6.3.0):
    - GoogleUtilities/Environment
    - GoogleUtilities/Logger
    - GoogleUtilities/Network
  - GoogleUtilities/Environment (6.3.0)
  - GoogleUtilities/Logger (6.3.0):
    - GoogleUtilities/Environment
  - GoogleUtilities/MethodSwizzler (6.3.0):
    - GoogleUtilities/Logger
  - GoogleUtilities/Network (6.3.0):
    - GoogleUtilities/Logger
    - "GoogleUtilities/NSData+zlib"
    - GoogleUtilities/Reachability
  - "GoogleUtilities/NSData+zlib (6.3.0)"
  - GoogleUtilities/Reachability (6.3.0):
    - GoogleUtilities/Logger
  - GoogleUtilities/UserDefaults (6.3.0):
    - GoogleUtilities/Logger
  - GTMSessionFetcher/Core (1.2.2)
  - JVFloatLabeledTextField (1.2.1)
  - KVNProgress (2.3.5)
  - nanopb (0.3.901):
    - nanopb/decode (= 0.3.901)
    - nanopb/encode (= 0.3.901)
  - nanopb/decode (0.3.901)
  - nanopb/encode (0.3.901)
  - ObjectMapper (3.5.1)
  - PopupDialog (1.0.0):
    - DynamicBlurView (~> 3.0.1)
  - Protobuf (3.9.0)
  - Realm (3.18.0):
    - Realm/Headers (= 3.18.0)
  - Realm/Headers (3.18.0)
  - RealmSwift (3.18.0):
    - Realm (= 3.18.0)
  - SDWebImage (4.4.7):
    - SDWebImage/Core (= 4.4.7)
  - SDWebImage/Core (4.4.7)
  - SideMenu (5.0.1)
  - SwiftyJSON (4.2.0)
  - UIFloatLabelTextView (1.0.10)

DEPENDENCIES:
  - Alamofire
  - AlamofireObjectMapper (~> 5.0)
  - Cosmos (~> 19.0)
  - DropDown (= 2.3.4)
  - Firebase/Analytics
  - Firebase/Auth
  - Firebase/Core
  - Firebase/Messaging
  - GoogleMaps
  - GooglePlacePicker
  - GooglePlaces
  - JVFloatLabeledTextField
  - KVNProgress
  - PopupDialog (~> 1.0.0)
  - RealmSwift
  - SDWebImage (~> 4.0)
  - SideMenu
  - SwiftyJSON (= 4.2.0)
  - UIFloatLabelTextView

SPEC REPOS:
  trunk:
    - Alamofire
    - AlamofireObjectMapper
    - Cosmos
    - DropDown
    - DynamicBlurView
    - Firebase
    - FirebaseAnalytics
    - FirebaseAnalyticsInterop
    - FirebaseAuth
    - FirebaseAuthInterop
    - FirebaseCore
    - FirebaseCoreDiagnostics
    - FirebaseCoreDiagnosticsInterop
    - FirebaseInstanceID
    - FirebaseMessaging
    - GoogleAppMeasurement
    - GoogleDataTransport
    - GoogleDataTransportCCTSupport
    - GoogleMaps
    - GooglePlacePicker
    - GooglePlaces
    - GoogleUtilities
    - GTMSessionFetcher
    - JVFloatLabeledTextField
    - KVNProgress
    - nanopb
    - ObjectMapper
    - PopupDialog
    - Protobuf
    - Realm
    - RealmSwift
    - SDWebImage
    - SideMenu
    - SwiftyJSON
    - UIFloatLabelTextView

SPEC CHECKSUMS:
  Alamofire: afc3e7c6db61476cb45cdd23fed06bad03bbc321
  AlamofireObjectMapper: 1989f690e982b71921b9253f53a4f33a9bc00d88
  Cosmos: a6fb17284281fa12cf4c85c2efecd440a215ec44
  DropDown: f225ff0fd09dde064d17aa03db7e4d4e4ff40b6b
  DynamicBlurView: b1df5415f9bd31897549e5d7077e5ec120a4d636
  Firebase: 9cbe4e5b5eaafa05dc932be58b7c8c3820d71e88
  FirebaseAnalytics: 843c7f64a8f9c79f0d03281197ebe7bb1d58d477
  FirebaseAnalyticsInterop: d48b6ab67bcf016a05e55b71fc39c61c0cb6b7f3
  FirebaseAuth: e7f86c2dfc57281cd01f7da5e4b40e01e4510a4a
  FirebaseAuthInterop: 0ffa57668be100582bb7643d4fcb7615496c41fc
  FirebaseCore: e9d9bd1dae61c1e82bc1e0e617a9d832392086a0
  FirebaseCoreDiagnostics: 4c04ae09d0ab027c30179828c6bb47764df1bd13
  FirebaseCoreDiagnosticsInterop: 6829da2b8d1fc795ff1bd99df751d3788035d2cb
  FirebaseInstanceID: 550df9be1f99f751d8fcde3ac342a1e21a0e6c42
  FirebaseMessaging: 9483ac438b7b223c09dad8712310e9ee7d562c99
  GoogleAppMeasurement: 86a82f0e1f20b8eedf8e20326530138fd71409de
  GoogleDataTransport: 8f9897b8e073687f24ca8d3c3a8013dec7d2d1cc
  GoogleDataTransportCCTSupport: 7455d07b98851aa63e4c05a34dad356ca588479e
  GoogleMaps: 5c13302e6fe6bb6e686b267196586b91cd594225
  GooglePlacePicker: 1c60c2a26e9d1e73bcb0c6f89609db8d777d13c1
  GooglePlaces: e874db179f2675c4f3eeda0b686b540273a578b0
  GoogleUtilities: 9c2c544202301110b29f7974a82e77fdcf12bf51
  GTMSessionFetcher: 61bb0f61a4cb560030f1222021178008a5727a23
  JVFloatLabeledTextField: cfc44e3c4d493b2ed92ede8035e8e89c2912ba64
  KVNProgress: d7046cce142f1aeb740db39dc3cacfe910fac354
  nanopb: 2901f78ea1b7b4015c860c2fdd1ea2fee1a18d48
  ObjectMapper: 70187b8941977c62ccfb423caf6b50be405cabf0
  PopupDialog: 28f29a1ffe9e1fab32fb258b53d56ca31670e8a2
  Protobuf: 1097ca58584c8d9be81bfbf2c5ff5975648dd87a
  Realm: 7b3d04740facf45e958a514b466a32b04f1113d6
  RealmSwift: c817b5f374668cf08f649afb05f55d92a787649c
  SDWebImage: c10d14a8883ebd89664f02a422006f66a85c0c5d
  SideMenu: 87efd943737bb83aedf0358884d09fcf5576636d
  SwiftyJSON: c4bcba26dd9ec7a027fc8eade48e2c911f229e96
  UIFloatLabelTextView: 96b7c5a18739fd1af8fd9480f7943d75a7547e4d

PODFILE CHECKSUM: 3d3362b8746c5113d0eb20c1ff3371e6caea6bb0

COCOAPODS: 1.8.0.beta.2
